
Microsoft Visual Studio Solution File, Format Version 12.00
# Visual Studio Version 17
VisualStudioVersion = 17.0.31903.59
MinimumVisualStudioVersion = 10.0.40219.1
Project("{9A19103F-16F7-4668-BE54-9A1E7A4F7556}") = "SierotkiCore", "SierotkiCore\SierotkiCore.csproj", "{95A7E221-608A-4F14-A81D-00B3F1CAD3EF}"
EndProject
Project("{9A19103F-16F7-4668-BE54-9A1E7A4F7556}") = "SierotkiCore.Tests", "SierotkiCore.Tests\SierotkiCore.Tests.csproj", "{48110E92-F1BD-4EA7-97D9-C3F31DAF9FB6}"
EndProject
Project("{2150E333-8FDC-42A3-9474-1A3956D46DE8}") = "Solution Items", "Solution Items", "{A06117BA-03C8-4A24-9FE8-E20683FB4D90}"
	ProjectSection(SolutionItems) = preProject
		README.md = README.md
	EndProjectSection
EndProject
Global
	GlobalSection(SolutionConfigurationPlatforms) = preSolution
		Debug|Any CPU = Debug|Any CPU
		Release|Any CPU = Release|Any CPU
	EndGlobalSection
	GlobalSection(ProjectConfigurationPlatforms) = postSolution
		{95A7E221-608A-4F14-A81D-00B3F1CAD3EF}.Debug|Any CPU.ActiveCfg = Debug|Any CPU
		{95A7E221-608A-4F14-A81D-00B3F1CAD3EF}.Debug|Any CPU.Build.0 = Debug|Any CPU
		{95A7E221-608A-4F14-A81D-00B3F1CAD3EF}.Release|Any CPU.ActiveCfg = Release|Any CPU
		{95A7E221-608A-4F14-A81D-00B3F1CAD3EF}.Release|Any CPU.Build.0 = Release|Any CPU
		{48110E92-F1BD-4EA7-97D9-C3F31DAF9FB6}.Debug|Any CPU.ActiveCfg = Debug|Any CPU
		{48110E92-F1BD-4EA7-97D9-C3F31DAF9FB6}.Debug|Any CPU.Build.0 = Debug|Any CPU
		{48110E92-F1BD-4EA7-97D9-C3F31DAF9FB6}.Release|Any CPU.ActiveCfg = Release|Any CPU
		{48110E92-F1BD-4EA7-97D9-C3F31DAF9FB6}.Release|Any CPU.Build.0 = Release|Any CPU
	EndGlobalSection
	GlobalSection(SolutionProperties) = preSolution
		HideSolutionNode = FALSE
	EndGlobalSection
	GlobalSection(ExtensibilityGlobals) = postSolution
		SolutionGuid = {500DCAFB-5469-431C-8F73-3FDFADB791E5}
	EndGlobalSection
EndGlobal
